
Microsoft Visual Studio Solution File, Format Version 12.00
# Visual Studio 15
Project("{FAE04EC0-301F-11D3-BF4B-00C04F79EFBC}") = "z4", "z4\z4.csproj", "{8B15D405-13DA-475B-82CF-A9AB3562E53B}"
EndProject
Global
	GlobalSection(SolutionConfigurationPlatforms) = preSolution
		Debug|Any CPU = Debug|Any CPU
		Release|Any CPU = Release|Any CPU
	EndGlobalSection
	GlobalSection(ProjectConfigurationPlatforms) = postSolution
		{8B15D405-13DA-475B-82CF-A9AB3562E53B}.Debug|Any CPU.ActiveCfg = Debug|Any CPU
		{8B15D405-13DA-475B-82CF-A9AB3562E53B}.Debug|Any CPU.Build.0 = Debug|Any CPU
		{8B15D405-13DA-475B-82CF-A9AB3562E53B}.Release|Any CPU.ActiveCfg = Release|Any CPU
		{8B15D405-13DA-475B-82CF-A9AB3562E53B}.Release|Any CPU.Build.0 = Release|Any CPU
	EndGlobalSection
EndGlobal
